
Microsoft Visual Studio Solution File, Format Version 11.00
# Visual C# Express 2010
Project("{FAE04EC0-301F-11D3-BF4B-00C04F79EFBC}") = "PythonClient", "PythonClient.csproj", "{37A45000-FB12-482D-849D-6CED24B10044}"
EndProject
Global
	GlobalSection(SolutionConfigurationPlatforms) = preSolution
		Debug|Any CPU = Debug|Any CPU
		Release|Any CPU = Release|Any CPU
	EndGlobalSection
	GlobalSection(ProjectConfigurationPlatforms) = postSolution
		{37A45000-FB12-482D-849D-6CED24B10044}.Debug|Any CPU.ActiveCfg = Debug|Any CPU
		{37A45000-FB12-482D-849D-6CED24B10044}.Debug|Any CPU.Build.0 = Debug|Any CPU
		{37A45000-FB12-482D-849D-6CED24B10044}.Release|Any CPU.ActiveCfg = Release|Any CPU
		{37A45000-FB12-482D-849D-6CED24B10044}.Release|Any CPU.Build.0 = Release|Any CPU
	EndGlobalSection
	GlobalSection(SolutionProperties) = preSolution
		HideSolutionNode = FALSE
	EndGlobalSection
EndGlobal
