
Microsoft Visual Studio Solution File, Format Version 12.00
# Visual Studio 2012
Project("{888888A0-9F3D-457C-B088-3A5042F75D52}") = "PythonServer", "PythonServer.pyproj", "{4BCB88AF-57C0-4DEF-AFAA-9B7140BBB40D}"
EndProject
Global
	GlobalSection(SolutionConfigurationPlatforms) = preSolution
		Debug|Any CPU = Debug|Any CPU
		Release|Any CPU = Release|Any CPU
	EndGlobalSection
	GlobalSection(ProjectConfigurationPlatforms) = postSolution
		{4BCB88AF-57C0-4DEF-AFAA-9B7140BBB40D}.Debug|Any CPU.ActiveCfg = Debug|Any CPU
		{4BCB88AF-57C0-4DEF-AFAA-9B7140BBB40D}.Debug|Any CPU.Build.0 = Debug|Any CPU
		{4BCB88AF-57C0-4DEF-AFAA-9B7140BBB40D}.Release|Any CPU.ActiveCfg = Release|Any CPU
		{4BCB88AF-57C0-4DEF-AFAA-9B7140BBB40D}.Release|Any CPU.Build.0 = Release|Any CPU
	EndGlobalSection
	GlobalSection(SolutionProperties) = preSolution
		HideSolutionNode = FALSE
	EndGlobalSection
EndGlobal
