
Microsoft Visual Studio Solution File, Format Version 12.00
# Visual Studio Express 2012 for Windows Desktop
Project("{FAE04EC0-301F-11D3-BF4B-00C04F79EFBC}") = "DraftSocket2015", "DraftSocket2015.csproj", "{EB26A102-24F8-4EC1-942C-316F15CFEF2C}"
EndProject
Global
	GlobalSection(SolutionConfigurationPlatforms) = preSolution
		AutoCAD2014|Any CPU = AutoCAD2014|Any CPU
		Debug|Any CPU = Debug|Any CPU
		Release|Any CPU = Release|Any CPU
	EndGlobalSection
	GlobalSection(ProjectConfigurationPlatforms) = postSolution
		{EB26A102-24F8-4EC1-942C-316F15CFEF2C}.AutoCAD2014|Any CPU.ActiveCfg = AutoCAD2014|Any CPU
		{EB26A102-24F8-4EC1-942C-316F15CFEF2C}.AutoCAD2014|Any CPU.Build.0 = AutoCAD2014|Any CPU
		{EB26A102-24F8-4EC1-942C-316F15CFEF2C}.Debug|Any CPU.ActiveCfg = Debug|Any CPU
		{EB26A102-24F8-4EC1-942C-316F15CFEF2C}.Debug|Any CPU.Build.0 = Debug|Any CPU
		{EB26A102-24F8-4EC1-942C-316F15CFEF2C}.Release|Any CPU.ActiveCfg = Release|Any CPU
		{EB26A102-24F8-4EC1-942C-316F15CFEF2C}.Release|Any CPU.Build.0 = Release|Any CPU
	EndGlobalSection
	GlobalSection(SolutionProperties) = preSolution
		HideSolutionNode = FALSE
	EndGlobalSection
EndGlobal
